
Microsoft Visual Studio Solution File, Format Version 12.00
# Visual Studio Version 16
VisualStudioVersion = 16.0.31829.152
MinimumVisualStudioVersion = 10.0.40219.1
Project("{FAE04EC0-301F-11D3-BF4B-00C04F79EFBC}") = "MCD_OOPInterfaceOrnek2", "MCD_OOPInterfaceOrnek2\MCD_OOPInterfaceOrnek2.csproj", "{E72A499F-0AE1-49E2-BF80-77CB472400DA}"
EndProject
Global
	GlobalSection(SolutionConfigurationPlatforms) = preSolution
		Debug|Any CPU = Debug|Any CPU
		Release|Any CPU = Release|Any CPU
	EndGlobalSection
	GlobalSection(ProjectConfigurationPlatforms) = postSolution
		{E72A499F-0AE1-49E2-BF80-77CB472400DA}.Debug|Any CPU.ActiveCfg = Debug|Any CPU
		{E72A499F-0AE1-49E2-BF80-77CB472400DA}.Debug|Any CPU.Build.0 = Debug|Any CPU
		{E72A499F-0AE1-49E2-BF80-77CB472400DA}.Release|Any CPU.ActiveCfg = Release|Any CPU
		{E72A499F-0AE1-49E2-BF80-77CB472400DA}.Release|Any CPU.Build.0 = Release|Any CPU
	EndGlobalSection
	GlobalSection(SolutionProperties) = preSolution
		HideSolutionNode = FALSE
	EndGlobalSection
	GlobalSection(ExtensibilityGlobals) = postSolution
		SolutionGuid = {F46F4209-C819-445F-B530-31DFCF6888B9}
	EndGlobalSection
EndGlobal
